Microsoft Visual Studio Solution File, Format Version 12.00
# Visual Studio Version 17
VisualStudioVersion = 17.13.35617.110
MinimumVisualStudioVersion = 10.0.40219.1
Project("{FAE04EC0-301F-11D3-BF4B-00C04F79EFBC}") = "WebAPI", "WebAPI.csproj", "{38EB8F4F-8800-4856-9ABF-26AD485B72B0}"
	ProjectSection(ProjectDependencies) = postProject
		{35C2B282-6D09-42DB-B477-52B6EBBCF15D} = {35C2B282-6D09-42DB-B477-52B6EBBCF15D}
	EndProjectSection
EndProject
Project("{FAE04EC0-301F-11D3-BF4B-00C04F79EFBC}") = "BusinessLogic", "..\BusinessLogic\BusinessLogic.csproj", "{35C2B282-6D09-42DB-B477-52B6EBBCF15D}"
	ProjectSection(ProjectDependencies) = postProject
		{DC44460E-2BE9-4F82-A43C-4B99ADCAA7DA} = {DC44460E-2BE9-4F82-A43C-4B99ADCAA7DA}
	EndProjectSection
EndProject
Project("{FAE04EC0-301F-11D3-BF4B-00C04F79EFBC}") = "DataAccess", "..\DataAccess\DataAccess.csproj", "{DC44460E-2BE9-4F82-A43C-4B99ADCAA7DA}"
EndProject
Global
	GlobalSection(SolutionConfigurationPlatforms) = preSolution
		Debug|Any CPU = Debug|Any CPU
		Release|Any CPU = Release|Any CPU
	EndGlobalSection
	GlobalSection(ProjectConfigurationPlatforms) = postSolution
		{38EB8F4F-8800-4856-9ABF-26AD485B72B0}.Debug|Any CPU.ActiveCfg = Debug|Any CPU
		{38EB8F4F-8800-4856-9ABF-26AD485B72B0}.Debug|Any CPU.Build.0 = Debug|Any CPU
		{38EB8F4F-8800-4856-9ABF-26AD485B72B0}.Release|Any CPU.ActiveCfg = Release|Any CPU
		{38EB8F4F-8800-4856-9ABF-26AD485B72B0}.Release|Any CPU.Build.0 = Release|Any CPU
		{35C2B282-6D09-42DB-B477-52B6EBBCF15D}.Debug|Any CPU.ActiveCfg = Debug|Any CPU
		{35C2B282-6D09-42DB-B477-52B6EBBCF15D}.Debug|Any CPU.Build.0 = Debug|Any CPU
		{35C2B282-6D09-42DB-B477-52B6EBBCF15D}.Release|Any CPU.ActiveCfg = Release|Any CPU
		{35C2B282-6D09-42DB-B477-52B6EBBCF15D}.Release|Any CPU.Build.0 = Release|Any CPU
		{DC44460E-2BE9-4F82-A43C-4B99ADCAA7DA}.Debug|Any CPU.ActiveCfg = Debug|Any CPU
		{DC44460E-2BE9-4F82-A43C-4B99ADCAA7DA}.Debug|Any CPU.Build.0 = Debug|Any CPU
		{DC44460E-2BE9-4F82-A43C-4B99ADCAA7DA}.Release|Any CPU.ActiveCfg = Release|Any CPU
		{DC44460E-2BE9-4F82-A43C-4B99ADCAA7DA}.Release|Any CPU.Build.0 = Release|Any CPU
	EndGlobalSection
	GlobalSection(SolutionProperties) = preSolution
		HideSolutionNode = FALSE
	EndGlobalSection
	GlobalSection(ExtensibilityGlobals) = postSolution
		SolutionGuid = {49BFB208-8474-463A-9077-37B56B89C82B}
	EndGlobalSection
EndGlobal
